
Microsoft Visual Studio Solution File, Format Version 12.00
# Visual Studio 16
VisualStudioVersion = 16.0.29509.3
MinimumVisualStudioVersion = 10.0.40219.1
Project("{FAE04EC0-301F-11D3-BF4B-00C04F79EFBC}") = "HSLauncher", "HSLauncher\HSLauncher.csproj", "{C2FD3880-8238-4401-9D91-EF571A07CBF1}"
EndProject
Global
	GlobalSection(SolutionConfigurationPlatforms) = preSolution
		Debug|Any CPU = Debug|Any CPU
		Release|Any CPU = Release|Any CPU
	EndGlobalSection
	GlobalSection(ProjectConfigurationPlatforms) = postSolution
		{C2FD3880-8238-4401-9D91-EF571A07CBF1}.Debug|Any CPU.ActiveCfg = Debug|Any CPU
		{C2FD3880-8238-4401-9D91-EF571A07CBF1}.Debug|Any CPU.Build.0 = Debug|Any CPU
		{C2FD3880-8238-4401-9D91-EF571A07CBF1}.Release|Any CPU.ActiveCfg = Release|Any CPU
		{C2FD3880-8238-4401-9D91-EF571A07CBF1}.Release|Any CPU.Build.0 = Release|Any CPU
	EndGlobalSection
	GlobalSection(SolutionProperties) = preSolution
		HideSolutionNode = FALSE
	EndGlobalSection
	GlobalSection(ExtensibilityGlobals) = postSolution
		SolutionGuid = {C82EF72E-0F99-455D-9E89-EC4095EB32A5}
	EndGlobalSection
EndGlobal
